
Microsoft Visual Studio Solution File, Format Version 12.00
# Visual Studio Version 17
VisualStudioVersion = 17.3.32929.385
MinimumVisualStudioVersion = 10.0.40219.1
Project("{FAE04EC0-301F-11D3-BF4B-00C04F79EFBC}") = "Fish9", "Fish9.csproj", "{2A506580-B013-4C69-B2E8-88B7048A7239}"
EndProject
Global
	GlobalSection(SolutionConfigurationPlatforms) = preSolution
		Debug|Any CPU = Debug|Any CPU
		Release|Any CPU = Release|Any CPU
	EndGlobalSection
	GlobalSection(ProjectConfigurationPlatforms) = postSolution
		{2A506580-B013-4C69-B2E8-88B7048A7239}.Debug|Any CPU.ActiveCfg = Debug|Any CPU
		{2A506580-B013-4C69-B2E8-88B7048A7239}.Debug|Any CPU.Build.0 = Debug|Any CPU
		{2A506580-B013-4C69-B2E8-88B7048A7239}.Release|Any CPU.ActiveCfg = Release|Any CPU
		{2A506580-B013-4C69-B2E8-88B7048A7239}.Release|Any CPU.Build.0 = Release|Any CPU
	EndGlobalSection
	GlobalSection(SolutionProperties) = preSolution
		HideSolutionNode = FALSE
	EndGlobalSection
	GlobalSection(ExtensibilityGlobals) = postSolution
		SolutionGuid = {089C5AD3-FED3-4FE0-8838-12877040EEEC}
	EndGlobalSection
EndGlobal
